
Microsoft Visual Studio Solution File, Format Version 12.00
# Visual Studio Version 17
VisualStudioVersion = 17.5.33516.290
MinimumVisualStudioVersion = 10.0.40219.1
Project("{FAE04EC0-301F-11D3-BF4B-00C04F79EFBC}") = "Server", "Server\Server.csproj", "{F377679E-C7C3-4CF4-80D0-AC1B290E1784}"
EndProject
Global
	GlobalSection(SolutionConfigurationPlatforms) = preSolution
		Debug|Any CPU = Debug|Any CPU
		Release|Any CPU = Release|Any CPU
	EndGlobalSection
	GlobalSection(ProjectConfigurationPlatforms) = postSolution
		{F377679E-C7C3-4CF4-80D0-AC1B290E1784}.Debug|Any CPU.ActiveCfg = Debug|Any CPU
		{F377679E-C7C3-4CF4-80D0-AC1B290E1784}.Debug|Any CPU.Build.0 = Debug|Any CPU
		{F377679E-C7C3-4CF4-80D0-AC1B290E1784}.Release|Any CPU.ActiveCfg = Release|Any CPU
		{F377679E-C7C3-4CF4-80D0-AC1B290E1784}.Release|Any CPU.Build.0 = Release|Any CPU
	EndGlobalSection
	GlobalSection(SolutionProperties) = preSolution
		HideSolutionNode = FALSE
	EndGlobalSection
	GlobalSection(ExtensibilityGlobals) = postSolution
		SolutionGuid = {47DC10FF-BD68-4331-8A92-03B4E43C3C12}
	EndGlobalSection
EndGlobal
